
Microsoft Visual Studio Solution File, Format Version 12.00
# Visual Studio Version 17
VisualStudioVersion = 17.0.32014.148
MinimumVisualStudioVersion = 10.0.40219.1
Project("{FAE04EC0-301F-11D3-BF4B-00C04F79EFBC}") = "LambdaPerformance_NET5", "BlazorApp_NET5\LambdaPerformance_NET5.csproj", "{21772B4B-3A08-4A5D-9592-0B25454A2A35}"
EndProject
Global
	GlobalSection(SolutionConfigurationPlatforms) = preSolution
		Debug|Any CPU = Debug|Any CPU
		Release|Any CPU = Release|Any CPU
	EndGlobalSection
	GlobalSection(ProjectConfigurationPlatforms) = postSolution
		{21772B4B-3A08-4A5D-9592-0B25454A2A35}.Debug|Any CPU.ActiveCfg = Debug|Any CPU
		{21772B4B-3A08-4A5D-9592-0B25454A2A35}.Debug|Any CPU.Build.0 = Debug|Any CPU
		{21772B4B-3A08-4A5D-9592-0B25454A2A35}.Release|Any CPU.ActiveCfg = Release|Any CPU
		{21772B4B-3A08-4A5D-9592-0B25454A2A35}.Release|Any CPU.Build.0 = Release|Any CPU
	EndGlobalSection
	GlobalSection(SolutionProperties) = preSolution
		HideSolutionNode = FALSE
	EndGlobalSection
	GlobalSection(ExtensibilityGlobals) = postSolution
		SolutionGuid = {15BBD6AD-98B0-4352-BF63-04D67EB893D4}
	EndGlobalSection
EndGlobal
